
Microsoft Visual Studio Solution File, Format Version 12.00
# Visual Studio Version 17
VisualStudioVersion = 17.2.32630.192
MinimumVisualStudioVersion = 10.0.40219.1
Project("{9A19103F-16F7-4668-BE54-9A1E7A4F7556}") = "BugSplatCrashHandler", "C:\www\BugSplatCrashHandler\BugSplatCrashHandler.csproj", "{C4D17624-54D3-4098-80A9-44E1EABA61DF}"
EndProject
Global
	GlobalSection(SolutionConfigurationPlatforms) = preSolution
		Debug|Any CPU = Debug|Any CPU
		Release|Any CPU = Release|Any CPU
	EndGlobalSection
	GlobalSection(ProjectConfigurationPlatforms) = postSolution
		{C4D17624-54D3-4098-80A9-44E1EABA61DF}.Debug|Any CPU.ActiveCfg = Debug|Any CPU
		{C4D17624-54D3-4098-80A9-44E1EABA61DF}.Debug|Any CPU.Build.0 = Debug|Any CPU
		{C4D17624-54D3-4098-80A9-44E1EABA61DF}.Release|Any CPU.ActiveCfg = Release|Any CPU
		{C4D17624-54D3-4098-80A9-44E1EABA61DF}.Release|Any CPU.Build.0 = Release|Any CPU
	EndGlobalSection
	GlobalSection(SolutionProperties) = preSolution
		HideSolutionNode = FALSE
	EndGlobalSection
	GlobalSection(ExtensibilityGlobals) = postSolution
		SolutionGuid = {F57D308C-CE95-4CD3-A75A-328BB7DB8DFD}
	EndGlobalSection
EndGlobal
