
Microsoft Visual Studio Solution File, Format Version 12.00
# Visual Studio Version 16
VisualStudioVersion = 16.0.31624.102
MinimumVisualStudioVersion = 10.0.40219.1
Project("{FAE04EC0-301F-11D3-BF4B-00C04F79EFBC}") = "BugSplatCrashHandler", "BugSplatCrashHandler\BugSplatCrashHandler.csproj", "{116FCC30-1D34-45B3-9334-6F8F17A9F557}"
EndProject
Global
	GlobalSection(SolutionConfigurationPlatforms) = preSolution
		Debug|Any CPU = Debug|Any CPU
		Release|Any CPU = Release|Any CPU
	EndGlobalSection
	GlobalSection(ProjectConfigurationPlatforms) = postSolution
		{116FCC30-1D34-45B3-9334-6F8F17A9F557}.Debug|Any CPU.ActiveCfg = Debug|Any CPU
		{116FCC30-1D34-45B3-9334-6F8F17A9F557}.Debug|Any CPU.Build.0 = Debug|Any CPU
		{116FCC30-1D34-45B3-9334-6F8F17A9F557}.Release|Any CPU.ActiveCfg = Release|Any CPU
		{116FCC30-1D34-45B3-9334-6F8F17A9F557}.Release|Any CPU.Build.0 = Release|Any CPU
	EndGlobalSection
	GlobalSection(SolutionProperties) = preSolution
		HideSolutionNode = FALSE
	EndGlobalSection
	GlobalSection(ExtensibilityGlobals) = postSolution
		SolutionGuid = {A818E8E9-2624-4F84-B91A-C87B950E859A}
	EndGlobalSection
EndGlobal
