
Microsoft Visual Studio Solution File, Format Version 12.00
# Visual Studio Version 17
VisualStudioVersion = 17.3.32714.290
MinimumVisualStudioVersion = 10.0.40219.1
Project("{FAE04EC0-301F-11D3-BF4B-00C04F79EFBC}") = "BugSplatCrashHandler", "BugSplatCrashHandler.csproj", "{52CBA37A-4169-43D4-8C6A-3FAA95FD43A9}"
EndProject
Global
	GlobalSection(SolutionConfigurationPlatforms) = preSolution
		Debug|Any CPU = Debug|Any CPU
		Release|Any CPU = Release|Any CPU
	EndGlobalSection
	GlobalSection(ProjectConfigurationPlatforms) = postSolution
		{52CBA37A-4169-43D4-8C6A-3FAA95FD43A9}.Debug|Any CPU.ActiveCfg = Debug|Any CPU
		{52CBA37A-4169-43D4-8C6A-3FAA95FD43A9}.Debug|Any CPU.Build.0 = Debug|Any CPU
		{52CBA37A-4169-43D4-8C6A-3FAA95FD43A9}.Release|Any CPU.ActiveCfg = Release|Any CPU
		{52CBA37A-4169-43D4-8C6A-3FAA95FD43A9}.Release|Any CPU.Build.0 = Release|Any CPU
	EndGlobalSection
	GlobalSection(SolutionProperties) = preSolution
		HideSolutionNode = FALSE
	EndGlobalSection
	GlobalSection(ExtensibilityGlobals) = postSolution
		SolutionGuid = {6A618214-818F-4DB5-8D2B-BD1C1DEE08C2}
	EndGlobalSection
EndGlobal
